// !$*UTF8*$!
{
	archiveVersion = 1;
	classes = {
	};
	objectVersion = 48;
	objects = {

/* Begin PBXBuildFile section */
		28656B2C2057E0FC00C0CEDE /* tripManager.swift in Sources */ = {isa = PBXBuildFile; fileRef = 28656B2B2057E0FC00C0CEDE /* tripManager.swift */; };
		2879218D204D701500DED41C /* AppDelegate.swift in Sources */ = {isa = PBXBuildFile; fileRef = 2879218C204D701500DED41C /* AppDelegate.swift */; };
		2879218F204D701500DED41C /* ViewController.swift in Sources */ = {isa = PBXBuildFile; fileRef = 2879218E204D701500DED41C /* ViewController.swift */; };
		28792192204D701500DED41C /* Main.storyboard in Resources */ = {isa = PBXBuildFile; fileRef = 28792190204D701500DED41C /* Main.storyboard */; };
		28792195204D701500DED41C /* map.xcdatamodeld in Sources */ = {isa = PBXBuildFile; fileRef = 28792193204D701500DED41C /* map.xcdatamodeld */; };
		28792197204D701500DED41C /* Assets.xcassets in Resources */ = {isa = PBXBuildFile; fileRef = 28792196204D701500DED41C /* Assets.xcassets */; };
		2879219A204D701500DED41C /* LaunchScreen.storyboard in Resources */ = {isa = PBXBuildFile; fileRef = 28792198204D701500DED41C /* LaunchScreen.storyboard */; };
		287921A5204D701500DED41C /* mapTests.swift in Sources */ = {isa = PBXBuildFile; fileRef = 287921A4204D701500DED41C /* mapTests.swift */; };
		287921B0204D701500DED41C /* mapUITests.swift in Sources */ = {isa = PBXBuildFile; fileRef = 287921AF204D701500DED41C /* mapUITests.swift */; };
		2898B793206A6D82005E2BA9 /* media.swift in Sources */ = {isa = PBXBuildFile; fileRef = 2898B792206A6D82005E2BA9 /* media.swift */; };
		289D25B0204EAA55008038AD /* commit.swift in Sources */ = {isa = PBXBuildFile; fileRef = 289D25AF204EAA55008038AD /* commit.swift */; };
		289D25B2204EB590008038AD /* trip.swift in Sources */ = {isa = PBXBuildFile; fileRef = 289D25B1204EB590008038AD /* trip.swift */; };
		28AE4FC920612A9E007114BA /* git.swift in Sources */ = {isa = PBXBuildFile; fileRef = 28AE4FC820612A9E007114BA /* git.swift */; };
		28AE4FCB20613543007114BA /* routeTracker.swift in Sources */ = {isa = PBXBuildFile; fileRef = 28AE4FCA20613543007114BA /* routeTracker.swift */; };
		28AE4FCD20613627007114BA /* mediaObserver.swift in Sources */ = {isa = PBXBuildFile; fileRef = 28AE4FCC20613627007114BA /* mediaObserver.swift */; };
		28AE4FCF206136B4007114BA /* monitor.swift in Sources */ = {isa = PBXBuildFile; fileRef = 28AE4FCE206136B4007114BA /* monitor.swift */; };
/* End PBXBuildFile section */

/* Begin PBXContainerItemProxy section */
		287921A1204D701500DED41C /* PBXContainerItemProxy */ = {
			isa = PBXContainerItemProxy;
			containerPortal = 28792181204D701500DED41C /* Project object */;
			proxyType = 1;
			remoteGlobalIDString = 28792188204D701500DED41C;
			remoteInfo = map;
		};
		287921AC204D701500DED41C /* PBXContainerItemProxy */ = {
			isa = PBXContainerItemProxy;
			containerPortal = 28792181204D701500DED41C /* Project object */;
			proxyType = 1;
			remoteGlobalIDString = 28792188204D701500DED41C;
			remoteInfo = map;
		};
/* End PBXContainerItemProxy section */

/* Begin PBXFileReference section */
		28656B2B2057E0FC00C0CEDE /* tripManager.swift */ = {isa = PBXFileReference; lastKnownFileType = sourcecode.swift; path = tripManager.swift; sourceTree = "<group>"; };
		28792189204D701500DED41C /* map.app */ = {isa = PBXFileReference; explicitFileType = wrapper.application; includeInIndex = 0; path = map.app; sourceTree = BUILT_PRODUCTS_DIR; };
		2879218C204D701500DED41C /* AppDelegate.swift */ = {isa = PBXFileReference; lastKnownFileType = sourcecode.swift; path = AppDelegate.swift; sourceTree = "<group>"; };
		2879218E204D701500DED41C /* ViewController.swift */ = {isa = PBXFileReference; lastKnownFileType = sourcecode.swift; path = ViewController.swift; sourceTree = "<group>"; };
		28792191204D701500DED41C /* Base */ = {isa = PBXFileReference; lastKnownFileType = file.storyboard; name = Base; path = Base.lproj/Main.storyboard; sourceTree = "<group>"; };
		28792194204D701500DED41C /* map.xcdatamodel */ = {isa = PBXFileReference; lastKnownFileType = wrapper.xcdatamodel; path = map.xcdatamodel; sourceTree = "<group>"; };
		28792196204D701500DED41C /* Assets.xcassets */ = {isa = PBXFileReference; lastKnownFileType = folder.assetcatalog; path = Assets.xcassets; sourceTree = "<group>"; };
		28792199204D701500DED41C /* Base */ = {isa = PBXFileReference; lastKnownFileType = file.storyboard; name = Base; path = Base.lproj/LaunchScreen.storyboard; sourceTree = "<group>"; };
		2879219B204D701500DED41C /* Info.plist */ = {isa = PBXFileReference; lastKnownFileType = text.plist.xml; path = Info.plist; sourceTree = "<group>"; };
		287921A0204D701500DED41C /* mapTests.xctest */ = {isa = PBXFileReference; explicitFileType = wrapper.cfbundle; includeInIndex = 0; path = mapTests.xctest; sourceTree = BUILT_PRODUCTS_DIR; };
		287921A4204D701500DED41C /* mapTests.swift */ = {isa = PBXFileReference; lastKnownFileType = sourcecode.swift; path = mapTests.swift; sourceTree = "<group>"; };
		287921A6204D701500DED41C /* Info.plist */ = {isa = PBXFileReference; lastKnownFileType = text.plist.xml; path = Info.plist; sourceTree = "<group>"; };
		287921AB204D701500DED41C /* mapUITests.xctest */ = {isa = PBXFileReference; explicitFileType = wrapper.cfbundle; includeInIndex = 0; path = mapUITests.xctest; sourceTree = BUILT_PRODUCTS_DIR; };
		287921AF204D701500DED41C /* mapUITests.swift */ = {isa = PBXFileReference; lastKnownFileType = sourcecode.swift; path = mapUITests.swift; sourceTree = "<group>"; };
		287921B1204D701600DED41C /* Info.plist */ = {isa = PBXFileReference; lastKnownFileType = text.plist.xml; path = Info.plist; sourceTree = "<group>"; };
		2898B792206A6D82005E2BA9 /* media.swift */ = {isa = PBXFileReference; lastKnownFileType = sourcecode.swift; path = media.swift; sourceTree = "<group>"; };
		289D25AF204EAA55008038AD /* commit.swift */ = {isa = PBXFileReference; lastKnownFileType = sourcecode.swift; path = commit.swift; sourceTree = "<group>"; };
		289D25B1204EB590008038AD /* trip.swift */ = {isa = PBXFileReference; lastKnownFileType = sourcecode.swift; path = trip.swift; sourceTree = "<group>"; };
		28AE4FC820612A9E007114BA /* git.swift */ = {isa = PBXFileReference; lastKnownFileType = sourcecode.swift; path = git.swift; sourceTree = "<group>"; };
		28AE4FCA20613543007114BA /* routeTracker.swift */ = {isa = PBXFileReference; lastKnownFileType = sourcecode.swift; path = routeTracker.swift; sourceTree = "<group>"; };
		28AE4FCC20613627007114BA /* mediaObserver.swift */ = {isa = PBXFileReference; lastKnownFileType = sourcecode.swift; path = mediaObserver.swift; sourceTree = "<group>"; };
		28AE4FCE206136B4007114BA /* monitor.swift */ = {isa = PBXFileReference; lastKnownFileType = sourcecode.swift; path = monitor.swift; sourceTree = "<group>"; };
/* End PBXFileReference section */

/* Begin PBXFrameworksBuildPhase section */
		28792186204D701500DED41C /* Frameworks */ = {
			isa = PBXFrameworksBuildPhase;
			buildActionMask = 2147483647;
			files = (
			);
			runOnlyForDeploymentPostprocessing = 0;
		};
		2879219D204D701500DED41C /* Frameworks */ = {
			isa = PBXFrameworksBuildPhase;
			buildActionMask = 2147483647;
			files = (
			);
			runOnlyForDeploymentPostprocessing = 0;
		};
		287921A8204D701500DED41C /* Frameworks */ = {
			isa = PBXFrameworksBuildPhase;
			buildActionMask = 2147483647;
			files = (
			);
			runOnlyForDeploymentPostprocessing = 0;
		};
/* End PBXFrameworksBuildPhase section */

/* Begin PBXGroup section */
		28792180204D701500DED41C = {
			isa = PBXGroup;
			children = (
				2879218B204D701500DED41C /* map */,
				287921A3204D701500DED41C /* mapTests */,
				287921AE204D701500DED41C /* mapUITests */,
				2879218A204D701500DED41C /* Products */,
			);
			sourceTree = "<group>";
		};
		2879218A204D701500DED41C /* Products */ = {
			isa = PBXGroup;
			children = (
				28792189204D701500DED41C /* map.app */,
				287921A0204D701500DED41C /* mapTests.xctest */,
				287921AB204D701500DED41C /* mapUITests.xctest */,
			);
			name = Products;
			sourceTree = "<group>";
		};
		2879218B204D701500DED41C /* map */ = {
			isa = PBXGroup;
			children = (
				289D25AA204E1D9C008038AD /* Supporting files */,
				28792190204D701500DED41C /* Main.storyboard */,
				28656B2B2057E0FC00C0CEDE /* tripManager.swift */,
				28AE4FC820612A9E007114BA /* git.swift */,
				28AE4FCE206136B4007114BA /* monitor.swift */,
				28792198204D701500DED41C /* LaunchScreen.storyboard */,
				2879218E204D701500DED41C /* ViewController.swift */,
				28AE4FCA20613543007114BA /* routeTracker.swift */,
				28AE4FCC20613627007114BA /* mediaObserver.swift */,
				289D25AF204EAA55008038AD /* commit.swift */,
				289D25B1204EB590008038AD /* trip.swift */,
				2879219B204D701500DED41C /* Info.plist */,
				2898B792206A6D82005E2BA9 /* media.swift */,
			);
			path = map;
			sourceTree = "<group>";
		};
		287921A3204D701500DED41C /* mapTests */ = {
			isa = PBXGroup;
			children = (
				287921A4204D701500DED41C /* mapTests.swift */,
				287921A6204D701500DED41C /* Info.plist */,
			);
			path = mapTests;
			sourceTree = "<group>";
		};
		287921AE204D701500DED41C /* mapUITests */ = {
			isa = PBXGroup;
			children = (
				287921AF204D701500DED41C /* mapUITests.swift */,
				287921B1204D701600DED41C /* Info.plist */,
			);
			path = mapUITests;
			sourceTree = "<group>";
		};
		289D25AA204E1D9C008038AD /* Supporting files */ = {
			isa = PBXGroup;
			children = (
				2879218C204D701500DED41C /* AppDelegate.swift */,
				28792196204D701500DED41C /* Assets.xcassets */,
				28792193204D701500DED41C /* map.xcdatamodeld */,
			);
			path = "Supporting files";
			sourceTree = "<group>";
		};
/* End PBXGroup section */

/* Begin PBXNativeTarget section */
		28792188204D701500DED41C /* map */ = {
			isa = PBXNativeTarget;
			buildConfigurationList = 287921B4204D701600DED41C /* Build configuration list for PBXNativeTarget "map" */;
			buildPhases = (
				28792185204D701500DED41C /* Sources */,
				28792186204D701500DED41C /* Frameworks */,
				28792187204D701500DED41C /* Resources */,
			);
			buildRules = (
			);
			dependencies = (
			);
			name = map;
			productName = map;
			productReference = 28792189204D701500DED41C /* map.app */;
			productType = "com.apple.product-type.application";
		};
		2879219F204D701500DED41C /* mapTests */ = {
			isa = PBXNativeTarget;
			buildConfigurationList = 287921B7204D701600DED41C /* Build configuration list for PBXNativeTarget "mapTests" */;
			buildPhases = (
				2879219C204D701500DED41C /* Sources */,
				2879219D204D701500DED41C /* Frameworks */,
				2879219E204D701500DED41C /* Resources */,
			);
			buildRules = (
			);
			dependencies = (
				287921A2204D701500DED41C /* PBXTargetDependency */,
			);
			name = mapTests;
			productName = mapTests;
			productReference = 287921A0204D701500DED41C /* mapTests.xctest */;
			productType = "com.apple.product-type.bundle.unit-test";
		};
		287921AA204D701500DED41C /* mapUITests */ = {
			isa = PBXNativeTarget;
			buildConfigurationList = 287921BA204D701600DED41C /* Build configuration list for PBXNativeTarget "mapUITests" */;
			buildPhases = (
				287921A7204D701500DED41C /* Sources */,
				287921A8204D701500DED41C /* Frameworks */,
				287921A9204D701500DED41C /* Resources */,
			);
			buildRules = (
			);
			dependencies = (
				287921AD204D701500DED41C /* PBXTargetDependency */,
			);
			name = mapUITests;
			productName = mapUITests;
			productReference = 287921AB204D701500DED41C /* mapUITests.xctest */;
			productType = "com.apple.product-type.bundle.ui-testing";
		};
/* End PBXNativeTarget section */

/* Begin PBXProject section */
		28792181204D701500DED41C /* Project object */ = {
			isa = PBXProject;
			attributes = {
				LastSwiftUpdateCheck = 0910;
				LastUpgradeCheck = 0930;
				ORGANIZATIONNAME = "three idiots";
				TargetAttributes = {
					28792188204D701500DED41C = {
						CreatedOnToolsVersion = 9.1;
						ProvisioningStyle = Automatic;
					};
					2879219F204D701500DED41C = {
						CreatedOnToolsVersion = 9.1;
						ProvisioningStyle = Automatic;
						TestTargetID = 28792188204D701500DED41C;
					};
					287921AA204D701500DED41C = {
						CreatedOnToolsVersion = 9.1;
						ProvisioningStyle = Automatic;
						TestTargetID = 28792188204D701500DED41C;
					};
				};
			};
			buildConfigurationList = 28792184204D701500DED41C /* Build configuration list for PBXProject "map" */;
			compatibilityVersion = "Xcode 8.0";
			developmentRegion = en;
			hasScannedForEncodings = 0;
			knownRegions = (
				en,
				Base,
			);
			mainGroup = 28792180204D701500DED41C;
			productRefGroup = 2879218A204D701500DED41C /* Products */;
			projectDirPath = "";
			projectRoot = "";
			targets = (
				28792188204D701500DED41C /* map */,
				2879219F204D701500DED41C /* mapTests */,
				287921AA204D701500DED41C /* mapUITests */,
			);
		};
/* End PBXProject section */

/* Begin PBXResourcesBuildPhase section */
		28792187204D701500DED41C /* Resources */ = {
			isa = PBXResourcesBuildPhase;
			buildActionMask = 2147483647;
			files = (
				2879219A204D701500DED41C /* LaunchScreen.storyboard in Resources */,
				28792197204D701500DED41C /* Assets.xcassets in Resources */,
				28792192204D701500DED41C /* Main.storyboard in Resources */,
			);
			runOnlyForDeploymentPostprocessing = 0;
		};
		2879219E204D701500DED41C /* Resources */ = {
			isa = PBXResourcesBuildPhase;
			buildActionMask = 2147483647;
			files = (
			);
			runOnlyForDeploymentPostprocessing = 0;
		};
		287921A9204D701500DED41C /* Resources */ = {
			isa = PBXResourcesBuildPhase;
			buildActionMask = 2147483647;
			files = (
			);
			runOnlyForDeploymentPostprocessing = 0;
		};
/* End PBXResourcesBuildPhase section */

/* Begin PBXSourcesBuildPhase section */
		28792185204D701500DED41C /* Sources */ = {
			isa = PBXSourcesBuildPhase;
			buildActionMask = 2147483647;
			files = (
				2898B793206A6D82005E2BA9 /* media.swift in Sources */,
				28AE4FCB20613543007114BA /* routeTracker.swift in Sources */,
				28656B2C2057E0FC00C0CEDE /* tripManager.swift in Sources */,
				28792195204D701500DED41C /* map.xcdatamodeld in Sources */,
				28AE4FC920612A9E007114BA /* git.swift in Sources */,
				289D25B2204EB590008038AD /* trip.swift in Sources */,
				2879218F204D701500DED41C /* ViewController.swift in Sources */,
				2879218D204D701500DED41C /* AppDelegate.swift in Sources */,
				289D25B0204EAA55008038AD /* commit.swift in Sources */,
				28AE4FCF206136B4007114BA /* monitor.swift in Sources */,
				28AE4FCD20613627007114BA /* mediaObserver.swift in Sources */,
			);
			runOnlyForDeploymentPostprocessing = 0;
		};
		2879219C204D701500DED41C /* Sources */ = {
			isa = PBXSourcesBuildPhase;
			buildActionMask = 2147483647;
			files = (
				287921A5204D701500DED41C /* mapTests.swift in Sources */,
			);
			runOnlyForDeploymentPostprocessing = 0;
		};
		287921A7204D701500DED41C /* Sources */ = {
			isa = PBXSourcesBuildPhase;
			buildActionMask = 2147483647;
			files = (
				287921B0204D701500DED41C /* mapUITests.swift in Sources */,
			);
			runOnlyForDeploymentPostprocessing = 0;
		};
/* End PBXSourcesBuildPhase section */

/* Begin PBXTargetDependency section */
		287921A2204D701500DED41C /* PBXTargetDependency */ = {
			isa = PBXTargetDependency;
			target = 28792188204D701500DED41C /* map */;
			targetProxy = 287921A1204D701500DED41C /* PBXContainerItemProxy */;
		};
		287921AD204D701500DED41C /* PBXTargetDependency */ = {
			isa = PBXTargetDependency;
			target = 28792188204D701500DED41C /* map */;
			targetProxy = 287921AC204D701500DED41C /* PBXContainerItemProxy */;
		};
/* End PBXTargetDependency section */

/* Begin PBXVariantGroup section */
		28792190204D701500DED41C /* Main.storyboard */ = {
			isa = PBXVariantGroup;
			children = (
				28792191204D701500DED41C /* Base */,
			);
			name = Main.storyboard;
			sourceTree = "<group>";
		};
		28792198204D701500DED41C /* LaunchScreen.storyboard */ = {
			isa = PBXVariantGroup;
			children = (
				28792199204D701500DED41C /* Base */,
			);
			name = LaunchScreen.storyboard;
			sourceTree = "<group>";
		};
/* End PBXVariantGroup section */

/* Begin XCBuildConfiguration section */
		287921B2204D701600DED41C /* Debug */ = {
			isa = XCBuildConfiguration;
			buildSettings = {
				ALWAYS_SEARCH_USER_PATHS = NO;
				CLANG_ANALYZER_NONNULL = YES;
				CLANG_ANALYZER_NUMBER_OBJECT_CONVERSION = YES_AGGRESSIVE;
				CLANG_CXX_LANGUAGE_STANDARD = "gnu++14";
				CLANG_CXX_LIBRARY = "libc++";
				CLANG_ENABLE_MODULES = YES;
				CLANG_ENABLE_OBJC_ARC = YES;
				CLANG_WARN_BLOCK_CAPTURE_AUTORELEASING = YES;
				CLANG_WARN_BOOL_CONVERSION = YES;
				CLANG_WARN_COMMA = YES;
				CLANG_WARN_CONSTANT_CONVERSION = YES;
				CLANG_WARN_DEPRECATED_OBJC_IMPLEMENTATIONS = YES;
				CLANG_WARN_DIRECT_OBJC_ISA_USAGE = YES_ERROR;
				CLANG_WARN_DOCUMENTATION_COMMENTS = YES;
				CLANG_WARN_EMPTY_BODY = YES;
				CLANG_WARN_ENUM_CONVERSION = YES;
				CLANG_WARN_INFINITE_RECURSION = YES;
				CLANG_WARN_INT_CONVERSION = YES;
				CLANG_WARN_NON_LITERAL_NULL_CONVERSION = YES;
				CLANG_WARN_OBJC_IMPLICIT_RETAIN_SELF = YES;
				CLANG_WARN_OBJC_LITERAL_CONVERSION = YES;
				CLANG_WARN_OBJC_ROOT_CLASS = YES_ERROR;
				CLANG_WARN_RANGE_LOOP_ANALYSIS = YES;
				CLANG_WARN_STRICT_PROTOTYPES = YES;
				CLANG_WARN_SUSPICIOUS_MOVE = YES;
				CLANG_WARN_UNGUARDED_AVAILABILITY = YES_AGGRESSIVE;
				CLANG_WARN_UNREACHABLE_CODE = YES;
				CLANG_WARN__DUPLICATE_METHOD_MATCH = YES;
				CODE_SIGN_IDENTITY = "iPhone Developer";
				COPY_PHASE_STRIP = NO;
				DEBUG_INFORMATION_FORMAT = dwarf;
				ENABLE_STRICT_OBJC_MSGSEND = YES;
				ENABLE_TESTABILITY = YES;
				GCC_C_LANGUAGE_STANDARD = gnu11;
				GCC_DYNAMIC_NO_PIC = NO;
				GCC_NO_COMMON_BLOCKS = YES;
				GCC_OPTIMIZATION_LEVEL = 0;
				GCC_PREPROCESSOR_DEFINITIONS = (
					"DEBUG=1",
					"$(inherited)",
				);
				GCC_WARN_64_TO_32_BIT_CONVERSION = YES;
				GCC_WARN_ABOUT_RETURN_TYPE = YES_ERROR;
				GCC_WARN_UNDECLARED_SELECTOR = YES;
				GCC_WARN_UNINITIALIZED_AUTOS = YES_AGGRESSIVE;
				GCC_WARN_UNUSED_FUNCTION = YES;
				GCC_WARN_UNUSED_VARIABLE = YES;
				IPHONEOS_DEPLOYMENT_TARGET = 11.1;
				MTL_ENABLE_DEBUG_INFO = YES;
				ONLY_ACTIVE_ARCH = YES;
				SDKROOT = iphoneos;
				SWIFT_ACTIVE_COMPILATION_CONDITIONS = DEBUG;
				SWIFT_OPTIMIZATION_LEVEL = "-Onone";
			};
			name = Debug;
		};
		287921B3204D701600DED41C /* Release */ = {
			isa = XCBuildConfiguration;
			buildSettings = {
				ALWAYS_SEARCH_USER_PATHS = NO;
				CLANG_ANALYZER_NONNULL = YES;
				CLANG_ANALYZER_NUMBER_OBJECT_CONVERSION = YES_AGGRESSIVE;
				CLANG_CXX_LANGUAGE_STANDARD = "gnu++14";
				CLANG_CXX_LIBRARY = "libc++";
				CLANG_ENABLE_MODULES = YES;
				CLANG_ENABLE_OBJC_ARC = YES;
				CLANG_WARN_BLOCK_CAPTURE_AUTORELEASING = YES;
				CLANG_WARN_BOOL_CONVERSION = YES;
				CLANG_WARN_COMMA = YES;
				CLANG_WARN_CONSTANT_CONVERSION = YES;
				CLANG_WARN_DEPRECATED_OBJC_IMPLEMENTATIONS = YES;
				CLANG_WARN_DIRECT_OBJC_ISA_USAGE = YES_ERROR;
				CLANG_WARN_DOCUMENTATION_COMMENTS = YES;
				CLANG_WARN_EMPTY_BODY = YES;
				CLANG_WARN_ENUM_CONVERSION = YES;
				CLANG_WARN_INFINITE_RECURSION = YES;
				CLANG_WARN_INT_CONVERSION = YES;
				CLANG_WARN_NON_LITERAL_NULL_CONVERSION = YES;
				CLANG_WARN_OBJC_IMPLICIT_RETAIN_SELF = YES;
				CLANG_WARN_OBJC_LITERAL_CONVERSION = YES;
				CLANG_WARN_OBJC_ROOT_CLASS = YES_ERROR;
				CLANG_WARN_RANGE_LOOP_ANALYSIS = YES;
				CLANG_WARN_STRICT_PROTOTYPES = YES;
				CLANG_WARN_SUSPICIOUS_MOVE = YES;
				CLANG_WARN_UNGUARDED_AVAILABILITY = YES_AGGRESSIVE;
				CLANG_WARN_UNREACHABLE_CODE = YES;
				CLANG_WARN__DUPLICATE_METHOD_MATCH = YES;
				CODE_SIGN_IDENTITY = "iPhone Developer";
				COPY_PHASE_STRIP = NO;
				DEBUG_INFORMATION_FORMAT = "dwarf-with-dsym";
				ENABLE_NS_ASSERTIONS = NO;
				ENABLE_STRICT_OBJC_MSGSEND = YES;
				GCC_C_LANGUAGE_STANDARD = gnu11;
				GCC_NO_COMMON_BLOCKS = YES;
				GCC_WARN_64_TO_32_BIT_CONVERSION = YES;
				GCC_WARN_ABOUT_RETURN_TYPE = YES_ERROR;
				GCC_WARN_UNDECLARED_SELECTOR = YES;
				GCC_WARN_UNINITIALIZED_AUTOS = YES_AGGRESSIVE;
				GCC_WARN_UNUSED_FUNCTION = YES;
				GCC_WARN_UNUSED_VARIABLE = YES;
				IPHONEOS_DEPLOYMENT_TARGET = 11.1;
				MTL_ENABLE_DEBUG_INFO = NO;
				SDKROOT = iphoneos;
				SWIFT_OPTIMIZATION_LEVEL = "-Owholemodule";
				VALIDATE_PRODUCT = YES;
			};
			name = Release;
		};
		287921B5204D701600DED41C /* Debug */ = {
			isa = XCBuildConfiguration;
			buildSettings = {
				ASSETCATALOG_COMPILER_APPICON_NAME = AppIcon;
				CODE_SIGN_STYLE = Automatic;
				DEVELOPMENT_TEAM = 9KHGVBZCUQ;
				INFOPLIST_FILE = map/Info.plist;
				LD_RUNPATH_SEARCH_PATHS = "$(inherited) @executable_path/Frameworks";
				PRODUCT_BUNDLE_IDENTIFIER = idiots.map;
				PRODUCT_NAME = "$(TARGET_NAME)";
				SWIFT_VERSION = 4.0;
				TARGETED_DEVICE_FAMILY = "1,2";
			};
			name = Debug;
		};
		287921B6204D701600DED41C /* Release */ = {
			isa = XCBuildConfiguration;
			buildSettings = {
				ASSETCATALOG_COMPILER_APPICON_NAME = AppIcon;
				CODE_SIGN_STYLE = Automatic;
				DEVELOPMENT_TEAM = 9KHGVBZCUQ;
				INFOPLIST_FILE = map/Info.plist;
				LD_RUNPATH_SEARCH_PATHS = "$(inherited) @executable_path/Frameworks";
				PRODUCT_BUNDLE_IDENTIFIER = idiots.map;
				PRODUCT_NAME = "$(TARGET_NAME)";
				SWIFT_VERSION = 4.0;
				TARGETED_DEVICE_FAMILY = "1,2";
			};
			name = Release;
		};
		287921B8204D701600DED41C /* Debug */ = {
			isa = XCBuildConfiguration;
			buildSettings = {
				ALWAYS_EMBED_SWIFT_STANDARD_LIBRARIES = YES;
				BUNDLE_LOADER = "$(TEST_HOST)";
				CODE_SIGN_STYLE = Automatic;
				DEVELOPMENT_TEAM = 9KHGVBZCUQ;
				INFOPLIST_FILE = mapTests/Info.plist;
				LD_RUNPATH_SEARCH_PATHS = "$(inherited) @executable_path/Frameworks @loader_path/Frameworks";
				PRODUCT_BUNDLE_IDENTIFIER = idiots.mapTests;
				PRODUCT_NAME = "$(TARGET_NAME)";
				SWIFT_VERSION = 4.0;
				TARGETED_DEVICE_FAMILY = "1,2";
				TEST_HOST = "$(BUILT_PRODUCTS_DIR)/map.app/map";
			};
			name = Debug;
		};
		287921B9204D701600DED41C /* Release */ = {
			isa = XCBuildConfiguration;
			buildSettings = {
				ALWAYS_EMBED_SWIFT_STANDARD_LIBRARIES = YES;
				BUNDLE_LOADER = "$(TEST_HOST)";
				CODE_SIGN_STYLE = Automatic;
				DEVELOPMENT_TEAM = 9KHGVBZCUQ;
				INFOPLIST_FILE = mapTests/Info.plist;
				LD_RUNPATH_SEARCH_PATHS = "$(inherited) @executable_path/Frameworks @loader_path/Frameworks";
				PRODUCT_BUNDLE_IDENTIFIER = idiots.mapTests;
				PRODUCT_NAME = "$(TARGET_NAME)";
				SWIFT_VERSION = 4.0;
				TARGETED_DEVICE_FAMILY = "1,2";
				TEST_HOST = "$(BUILT_PRODUCTS_DIR)/map.app/map";
			};
			name = Release;
		};
		287921BB204D701600DED41C /* Debug */ = {
			isa = XCBuildConfiguration;
			buildSettings = {
				ALWAYS_EMBED_SWIFT_STANDARD_LIBRARIES = YES;
				CODE_SIGN_STYLE = Automatic;
				DEVELOPMENT_TEAM = 9KHGVBZCUQ;
				INFOPLIST_FILE = mapUITests/Info.plist;
				LD_RUNPATH_SEARCH_PATHS = "$(inherited) @executable_path/Frameworks @loader_path/Frameworks";
				PRODUCT_BUNDLE_IDENTIFIER = idiots.mapUITests;
				PRODUCT_NAME = "$(TARGET_NAME)";
				SWIFT_VERSION = 4.0;
				TARGETED_DEVICE_FAMILY = "1,2";
				TEST_TARGET_NAME = map;
			};
			name = Debug;
		};
		287921BC204D701600DED41C /* Release */ = {
			isa = XCBuildConfiguration;
			buildSettings = {
				ALWAYS_EMBED_SWIFT_STANDARD_LIBRARIES = YES;
				CODE_SIGN_STYLE = Automatic;
				DEVELOPMENT_TEAM = 9KHGVBZCUQ;
				INFOPLIST_FILE = mapUITests/Info.plist;
				LD_RUNPATH_SEARCH_PATHS = "$(inherited) @executable_path/Frameworks @loader_path/Frameworks";
				PRODUCT_BUNDLE_IDENTIFIER = idiots.mapUITests;
				PRODUCT_NAME = "$(TARGET_NAME)";
				SWIFT_VERSION = 4.0;
				TARGETED_DEVICE_FAMILY = "1,2";
				TEST_TARGET_NAME = map;
			};
			name = Release;
		};
/* End XCBuildConfiguration section */

/* Begin XCConfigurationList section */
		28792184204D701500DED41C /* Build configuration list for PBXProject "map" */ = {
			isa = XCConfigurationList;
			buildConfigurations = (
				287921B2204D701600DED41C /* Debug */,
				287921B3204D701600DED41C /* Release */,
			);
			defaultConfigurationIsVisible = 0;
			defaultConfigurationName = Release;
		};
		287921B4204D701600DED41C /* Build configuration list for PBXNativeTarget "map" */ = {
			isa = XCConfigurationList;
			buildConfigurations = (
				287921B5204D701600DED41C /* Debug */,
				287921B6204D701600DED41C /* Release */,
			);
			defaultConfigurationIsVisible = 0;
			defaultConfigurationName = Release;
		};
		287921B7204D701600DED41C /* Build configuration list for PBXNativeTarget "mapTests" */ = {
			isa = XCConfigurationList;
			buildConfigurations = (
				287921B8204D701600DED41C /* Debug */,
				287921B9204D701600DED41C /* Release */,
			);
			defaultConfigurationIsVisible = 0;
			defaultConfigurationName = Release;
		};
		287921BA204D701600DED41C /* Build configuration list for PBXNativeTarget "mapUITests" */ = {
			isa = XCConfigurationList;
			buildConfigurations = (
				287921BB204D701600DED41C /* Debug */,
				287921BC204D701600DED41C /* Release */,
			);
			defaultConfigurationIsVisible = 0;
			defaultConfigurationName = Release;
		};
/* End XCConfigurationList section */

/* Begin XCVersionGroup section */
		28792193204D701500DED41C /* map.xcdatamodeld */ = {
			isa = XCVersionGroup;
			children = (
				28792194204D701500DED41C /* map.xcdatamodel */,
			);
			currentVersion = 28792194204D701500DED41C /* map.xcdatamodel */;
			path = map.xcdatamodeld;
			sourceTree = "<group>";
			versionGroupType = wrapper.xcdatamodel;
		};
/* End XCVersionGroup section */
	};
	rootObject = 28792181204D701500DED41C /* Project object */;
}
